{
  "originHash" : "622ce9098ea55a7cf9fab61f57b836db143b8eff8d3fac32a11f9aa6f2ae4a38",
  "pins" : [
    {
      "identity" : "sentry-cocoa",
      "kind" : "remoteSourceControl",
      "location" : "https://github.com/getsentry/sentry-cocoa",
      "state" : {
        "revision" : "e9bcb13a491c00da6c9d100fe73954aea9e9d8a6",
        "version" : "8.57.0"
      }
    },
    {
      "identity" : "streamdeckplugin",
      "kind" : "remoteSourceControl",
      "location" : "https://github.com/emorydunn/StreamDeckPlugin",
      "state" : {
        "branch" : "main",
        "revision" : "af0a20e9c11452a5b81ecea763fefdd16ca1b783"
      }
    },
    {
      "identity" : "swift-argument-parser",
      "kind" : "remoteSourceControl",
      "location" : "https://github.com/apple/swift-argument-parser.git",
      "state" : {
        "revision" : "41982a3656a71c768319979febd796c6fd111d5c",
        "version" : "1.5.0"
      }
    },
    {
      "identity" : "swift-syntax",
      "kind" : "remoteSourceControl",
      "location" : "https://github.com/apple/swift-syntax.git",
      "state" : {
        "revision" : "0687f71944021d616d34d922343dcef086855920",
        "version" : "600.0.1"
      }
    },
    {
      "identity" : "swiftclient",
      "kind" : "remoteSourceControl",
      "location" : "https://github.com/TelemetryDeck/SwiftClient",
      "state" : {
        "branch" : "main",
        "revision" : "c804f2e4ca2301200116e9da4c4640d9724960d6"
      }
    }
  ],
  "version" : 3
}
